
Microsoft Visual Studio Solution File, Format Version 12.00
# Visual Studio 14
VisualStudioVersion = 14.0.25420.1
MinimumVisualStudioVersion = 10.0.40219.1
Project("{8BB2217D-0F2D-49D1-97BC-3654ED321F3B}") = "Warden.Spawn", "Warden.Spawn\Warden.Spawn.xproj", "{57B6AA68-551A-4992-BCA2-AA05294D5EB2}"
EndProject
Project("{2150E333-8FDC-42A3-9474-1A3956D46DE8}") = "Watchers", "Watchers", "{890ED1D1-583C-4396-AE22-4E8075453EC3}"
EndProject
Project("{2150E333-8FDC-42A3-9474-1A3956D46DE8}") = "Integrations", "Integrations", "{633B11A2-020A-4C88-A2DF-4349BC0DF8E1}"
EndProject
Project("{8BB2217D-0F2D-49D1-97BC-3654ED321F3B}") = "Warden.Spawn.Watchers.Web", "Watchers\Warden.Spawn.Watchers.Web\Warden.Spawn.Watchers.Web.xproj", "{B7F5F027-AD3D-41A8-8186-D39391385EDF}"
EndProject
Project("{2150E333-8FDC-42A3-9474-1A3956D46DE8}") = "Examples", "Examples", "{DEACE897-5CD6-41A2-A900-DBE8AEA75344}"
EndProject
Project("{8BB2217D-0F2D-49D1-97BC-3654ED321F3B}") = "Warden.Spawn.Examples.Console", "Examples\Warden.Spawn.Examples.Console\Warden.Spawn.Examples.Console.xproj", "{92A70167-F213-4733-A31A-6944FDE5C537}"
EndProject
Project("{2150E333-8FDC-42A3-9474-1A3956D46DE8}") = "Solution Items", "Solution Items", "{6378B5B5-7C9F-4DA4-86AF-4C4A4FD9265E}"
	ProjectSection(SolutionItems) = preProject
		global.json = global.json
	EndProjectSection
EndProject
Project("{8BB2217D-0F2D-49D1-97BC-3654ED321F3B}") = "Warden.Spawn.Integrations.SendGrid", "Integrations\Warden.Spawn.Integrations.SendGrid\Warden.Spawn.Integrations.SendGrid.xproj", "{A607DDB5-FE9F-4093-8181-1D5F502C6FED}"
EndProject
Project("{8BB2217D-0F2D-49D1-97BC-3654ED321F3B}") = "Warden.Spawn.Integrations.Console", "Integrations\Warden.Spawn.Integrations.Console\Warden.Spawn.Integrations.Console.xproj", "{BD6EB72A-D41D-4309-9C20-DF96C111FA32}"
EndProject
Global
	GlobalSection(SolutionConfigurationPlatforms) = preSolution
		Debug|Any CPU = Debug|Any CPU
		Release|Any CPU = Release|Any CPU
	EndGlobalSection
	GlobalSection(ProjectConfigurationPlatforms) = postSolution
		{57B6AA68-551A-4992-BCA2-AA05294D5EB2}.Debug|Any CPU.ActiveCfg = Debug|Any CPU
		{57B6AA68-551A-4992-BCA2-AA05294D5EB2}.Debug|Any CPU.Build.0 = Debug|Any CPU
		{57B6AA68-551A-4992-BCA2-AA05294D5EB2}.Release|Any CPU.ActiveCfg = Release|Any CPU
		{57B6AA68-551A-4992-BCA2-AA05294D5EB2}.Release|Any CPU.Build.0 = Release|Any CPU
		{B7F5F027-AD3D-41A8-8186-D39391385EDF}.Debug|Any CPU.ActiveCfg = Debug|Any CPU
		{B7F5F027-AD3D-41A8-8186-D39391385EDF}.Debug|Any CPU.Build.0 = Debug|Any CPU
		{B7F5F027-AD3D-41A8-8186-D39391385EDF}.Release|Any CPU.ActiveCfg = Release|Any CPU
		{B7F5F027-AD3D-41A8-8186-D39391385EDF}.Release|Any CPU.Build.0 = Release|Any CPU
		{92A70167-F213-4733-A31A-6944FDE5C537}.Debug|Any CPU.ActiveCfg = Debug|Any CPU
		{92A70167-F213-4733-A31A-6944FDE5C537}.Debug|Any CPU.Build.0 = Debug|Any CPU
		{92A70167-F213-4733-A31A-6944FDE5C537}.Release|Any CPU.ActiveCfg = Release|Any CPU
		{92A70167-F213-4733-A31A-6944FDE5C537}.Release|Any CPU.Build.0 = Release|Any CPU
		{A607DDB5-FE9F-4093-8181-1D5F502C6FED}.Debug|Any CPU.ActiveCfg = Debug|Any CPU
		{A607DDB5-FE9F-4093-8181-1D5F502C6FED}.Debug|Any CPU.Build.0 = Debug|Any CPU
		{A607DDB5-FE9F-4093-8181-1D5F502C6FED}.Release|Any CPU.ActiveCfg = Release|Any CPU
		{A607DDB5-FE9F-4093-8181-1D5F502C6FED}.Release|Any CPU.Build.0 = Release|Any CPU
		{BD6EB72A-D41D-4309-9C20-DF96C111FA32}.Debug|Any CPU.ActiveCfg = Debug|Any CPU
		{BD6EB72A-D41D-4309-9C20-DF96C111FA32}.Debug|Any CPU.Build.0 = Debug|Any CPU
		{BD6EB72A-D41D-4309-9C20-DF96C111FA32}.Release|Any CPU.ActiveCfg = Release|Any CPU
		{BD6EB72A-D41D-4309-9C20-DF96C111FA32}.Release|Any CPU.Build.0 = Release|Any CPU
	EndGlobalSection
	GlobalSection(SolutionProperties) = preSolution
		HideSolutionNode = FALSE
	EndGlobalSection
	GlobalSection(NestedProjects) = preSolution
		{B7F5F027-AD3D-41A8-8186-D39391385EDF} = {890ED1D1-583C-4396-AE22-4E8075453EC3}
		{92A70167-F213-4733-A31A-6944FDE5C537} = {DEACE897-5CD6-41A2-A900-DBE8AEA75344}
		{A607DDB5-FE9F-4093-8181-1D5F502C6FED} = {633B11A2-020A-4C88-A2DF-4349BC0DF8E1}
		{BD6EB72A-D41D-4309-9C20-DF96C111FA32} = {633B11A2-020A-4C88-A2DF-4349BC0DF8E1}
	EndGlobalSection
EndGlobal
